{
  "requires": true,
  "lockfileVersion": 1,
  "dependencies": {
    "@fortawesome/fontawesome-common-types": {
      "version": "0.2.21",
      "resolved": "https://registry.npmjs.org/@fortawesome/fontawesome-common-types/-/fontawesome-common-types-0.2.21.tgz",
      "integrity": "sha512-iJtcrU2BtF9Wyr0zm3tHEJy3HqA6sADExhCqCv3SKaJJKKp4ORJ40t4nyHvcWXSVFtd7r1gcdqcRsAfoREGTFA=="
    },
    "@fortawesome/fontawesome-svg-core": {
      "version": "1.2.21",
      "resolved": "https://registry.npmjs.org/@fortawesome/fontawesome-svg-core/-/fontawesome-svg-core-1.2.21.tgz",
      "integrity": "sha512-EhrgMZLJS0tTYZhUbodurZBqDgAFLDNdxJP/q5unrZJwiFo8Dd7xGvJdhAhY5WcX4khzkPQcbLTCMPHBtutD7Q==",
      "requires": {
        "@fortawesome/fontawesome-common-types": "^0.2.21"
      }
    },
    "@fortawesome/free-brands-svg-icons": {
      "version": "5.10.1",
      "resolved": "https://registry.npmjs.org/@fortawesome/free-brands-svg-icons/-/free-brands-svg-icons-5.10.1.tgz",
      "integrity": "sha512-xrq2+coLZUGcQsmbdoyyp5O5X4a6FhEQj3cGdlM14/bZ6lHCeKlZElsvr/ETtFtD8w2UgQpb3E7Eylo69utD1g==",
      "requires": {
        "@fortawesome/fontawesome-common-types": "^0.2.21"
      }
    },
    "@fortawesome/free-regular-svg-icons": {
      "version": "5.10.1",
      "resolved": "https://registry.npmjs.org/@fortawesome/free-regular-svg-icons/-/free-regular-svg-icons-5.10.1.tgz",
      "integrity": "sha512-2qU3IE4PeqZjMrVuHsE5sjgK64HlpijMhBv66TEhFEGCLpB2bwRdGvies6vpUvmTRRHhUat4IcRayLUWuGbKXQ==",
      "requires": {
        "@fortawesome/fontawesome-common-types": "^0.2.21"
      }
    }
  }
}
